
Microsoft Visual Studio Solution File, Format Version 12.00
# Visual Studio Version 18
VisualStudioVersion = 18.0.11121.172
MinimumVisualStudioVersion = 10.0.40219.1
Project("{8BC9CEB8-8B4A-11D0-8D11-00A0C91BC942}") = "SimDisp", "workspaces\SimDisp.vcxproj", "{1A6597D6-ED10-4AA9-BCB4-71FEE1A6BA3E}"
EndProject
Project("{8BC9CEB8-8B4A-11D0-8D11-00A0C91BC942}") = "SimClient", "workspaces\SimClient.vcxproj", "{D977C0AE-A9EE-467F-AE96-E4AD49702BF8}"
	ProjectSection(ProjectDependencies) = postProject
		{D317B3B6-57D9-4688-BFCD-AF3815E79250} = {D317B3B6-57D9-4688-BFCD-AF3815E79250}
	EndProjectSection
EndProject
Project("{8BC9CEB8-8B4A-11D0-8D11-00A0C91BC942}") = "SimHost", "workspaces\SimHost.vcxproj", "{D317B3B6-57D9-4688-BFCD-AF3815E79250}"
	ProjectSection(ProjectDependencies) = postProject
		{1A6597D6-ED10-4AA9-BCB4-71FEE1A6BA3E} = {1A6597D6-ED10-4AA9-BCB4-71FEE1A6BA3E}
	EndProjectSection
EndProject
Project("{2150E333-8FDC-42A3-9474-1A3956D46DE8}") = "wx_library", "wx_library", "{02EA681E-C7D8-13C7-8484-4AC65E1B71E8}"
EndProject
Project("{2150E333-8FDC-42A3-9474-1A3956D46DE8}") = "modules", "modules", "{0AB8472B-5DC1-4E10-A0F5-4429418E4EC3}"
	ProjectSection(SolutionItems) = preProject
		wx_library\wx.console.cppm = wx_library\wx.console.cppm
		wx_library\wx.control.cppm = wx_library\wx.control.cppm
		wx_library\wx.cppm = wx_library\wx.cppm
		wx_library\wx.dialog.cppm = wx_library\wx.dialog.cppm
		wx_library\wx.file.cppm = wx_library\wx.file.cppm
		wx_library\wx.gdi.cppm = wx_library\wx.gdi.cppm
		wx_library\wx.proto.cppm = wx_library\wx.proto.cppm
		wx_library\wx.realtime.cppm = wx_library\wx.realtime.cppm
		wx_library\wx.resource.cppm = wx_library\wx.resource.cppm
		wx_library\wx.security.cppm = wx_library\wx.security.cppm
		wx_library\wx.type.cppm = wx_library\wx.type.cppm
		wx_library\wx.window.cppm = wx_library\wx.window.cppm
	EndProjectSection
EndProject
Project("{2150E333-8FDC-42A3-9474-1A3956D46DE8}") = "prv_inc", "prv_inc", "{5DBEA233-80C1-4264-9616-1AF864C98C4A}"
	ProjectSection(SolutionItems) = preProject
		wx_library\wx__conio.inl = wx_library\wx__conio.inl
		wx_library\wx__gdi.inl = wx_library\wx__gdi.inl
		wx_library\wx__msg.inl = wx_library\wx__msg.inl
		wx_library\wx__msg_ctl.inl = wx_library\wx__msg_ctl.inl
		wx_library\wx__realtime.inl = wx_library\wx__realtime.inl
		wx_library\wx__resource.inl = wx_library\wx__resource.inl
		wx_library\wx__rm.inl = wx_library\wx__rm.inl
		wx_library\wx__type.inl = wx_library\wx__type.inl
	EndProjectSection
EndProject
Project("{2150E333-8FDC-42A3-9474-1A3956D46DE8}") = "pub_inc", "pub_inc", "{81AD5D8E-C05F-47CC-8E82-F728B4A71903}"
	ProjectSection(SolutionItems) = preProject
		wx_library\wx_console = wx_library\wx_console
		wx_library\wx_dialog = wx_library\wx_dialog
		wx_library\wx_dll = wx_library\wx_dll
		wx_library\wx_gdi = wx_library\wx_gdi
		wx_library\wx_main = wx_library\wx_main
		wx_library\wx_realtime = wx_library\wx_realtime
		wx_library\wx_resource = wx_library\wx_resource
		wx_library\wx_type = wx_library\wx_type
		wx_library\wx_window = wx_library\wx_window
	EndProjectSection
EndProject
Project("{8BC9CEB8-8B4A-11D0-8D11-00A0C91BC942}") = "SimDisp_test", "workspaces\SimDisp_test.vcxproj", "{1565707B-8694-4C73-B842-464245CAA4E8}"
EndProject
Global
	GlobalSection(SolutionConfigurationPlatforms) = preSolution
		Debug LLVM|x64 = Debug LLVM|x64
		Debug LLVM|x86 = Debug LLVM|x86
		Debug|x64 = Debug|x64
		Debug|x86 = Debug|x86
		Release LLVM|x64 = Release LLVM|x64
		Release LLVM|x86 = Release LLVM|x86
		Release|x64 = Release|x64
		Release|x86 = Release|x86
	EndGlobalSection
	GlobalSection(ProjectConfigurationPlatforms) = postSolution
		{1A6597D6-ED10-4AA9-BCB4-71FEE1A6BA3E}.Debug LLVM|x64.ActiveCfg = Debug LLVM|x64
		{1A6597D6-ED10-4AA9-BCB4-71FEE1A6BA3E}.Debug LLVM|x86.ActiveCfg = Debug LLVM|Win32
		{1A6597D6-ED10-4AA9-BCB4-71FEE1A6BA3E}.Debug|x64.ActiveCfg = Debug|x64
		{1A6597D6-ED10-4AA9-BCB4-71FEE1A6BA3E}.Debug|x64.Build.0 = Debug|x64
		{1A6597D6-ED10-4AA9-BCB4-71FEE1A6BA3E}.Debug|x86.ActiveCfg = Debug|Win32
		{1A6597D6-ED10-4AA9-BCB4-71FEE1A6BA3E}.Debug|x86.Build.0 = Debug|Win32
		{1A6597D6-ED10-4AA9-BCB4-71FEE1A6BA3E}.Release LLVM|x64.ActiveCfg = Release LLVM|x64
		{1A6597D6-ED10-4AA9-BCB4-71FEE1A6BA3E}.Release LLVM|x86.ActiveCfg = Release LLVM|Win32
		{1A6597D6-ED10-4AA9-BCB4-71FEE1A6BA3E}.Release|x64.ActiveCfg = Release|x64
		{1A6597D6-ED10-4AA9-BCB4-71FEE1A6BA3E}.Release|x64.Build.0 = Release|x64
		{1A6597D6-ED10-4AA9-BCB4-71FEE1A6BA3E}.Release|x86.ActiveCfg = Release|Win32
		{1A6597D6-ED10-4AA9-BCB4-71FEE1A6BA3E}.Release|x86.Build.0 = Release|Win32
		{D977C0AE-A9EE-467F-AE96-E4AD49702BF8}.Debug LLVM|x64.ActiveCfg = Debug LLVM|x64
		{D977C0AE-A9EE-467F-AE96-E4AD49702BF8}.Debug LLVM|x86.ActiveCfg = Debug LLVM|Win32
		{D977C0AE-A9EE-467F-AE96-E4AD49702BF8}.Debug|x64.ActiveCfg = Debug|x64
		{D977C0AE-A9EE-467F-AE96-E4AD49702BF8}.Debug|x64.Build.0 = Debug|x64
		{D977C0AE-A9EE-467F-AE96-E4AD49702BF8}.Debug|x86.ActiveCfg = Debug|Win32
		{D977C0AE-A9EE-467F-AE96-E4AD49702BF8}.Debug|x86.Build.0 = Debug|Win32
		{D977C0AE-A9EE-467F-AE96-E4AD49702BF8}.Release LLVM|x64.ActiveCfg = Release LLVM|x64
		{D977C0AE-A9EE-467F-AE96-E4AD49702BF8}.Release LLVM|x86.ActiveCfg = Release LLVM|Win32
		{D977C0AE-A9EE-467F-AE96-E4AD49702BF8}.Release|x64.ActiveCfg = Release|x64
		{D977C0AE-A9EE-467F-AE96-E4AD49702BF8}.Release|x64.Build.0 = Release|x64
		{D977C0AE-A9EE-467F-AE96-E4AD49702BF8}.Release|x86.ActiveCfg = Release|Win32
		{D977C0AE-A9EE-467F-AE96-E4AD49702BF8}.Release|x86.Build.0 = Release|Win32
		{D317B3B6-57D9-4688-BFCD-AF3815E79250}.Debug LLVM|x64.ActiveCfg = Debug LLVM|x64
		{D317B3B6-57D9-4688-BFCD-AF3815E79250}.Debug LLVM|x64.Build.0 = Debug LLVM|x64
		{D317B3B6-57D9-4688-BFCD-AF3815E79250}.Debug LLVM|x86.ActiveCfg = Debug LLVM|Win32
		{D317B3B6-57D9-4688-BFCD-AF3815E79250}.Debug LLVM|x86.Build.0 = Debug LLVM|Win32
		{D317B3B6-57D9-4688-BFCD-AF3815E79250}.Debug|x64.ActiveCfg = Debug|x64
		{D317B3B6-57D9-4688-BFCD-AF3815E79250}.Debug|x64.Build.0 = Debug|x64
		{D317B3B6-57D9-4688-BFCD-AF3815E79250}.Debug|x86.ActiveCfg = Debug|Win32
		{D317B3B6-57D9-4688-BFCD-AF3815E79250}.Debug|x86.Build.0 = Debug|Win32
		{D317B3B6-57D9-4688-BFCD-AF3815E79250}.Release LLVM|x64.ActiveCfg = Release LLVM|x64
		{D317B3B6-57D9-4688-BFCD-AF3815E79250}.Release LLVM|x64.Build.0 = Release LLVM|x64
		{D317B3B6-57D9-4688-BFCD-AF3815E79250}.Release LLVM|x86.ActiveCfg = Release LLVM|Win32
		{D317B3B6-57D9-4688-BFCD-AF3815E79250}.Release LLVM|x86.Build.0 = Release LLVM|Win32
		{D317B3B6-57D9-4688-BFCD-AF3815E79250}.Release|x64.ActiveCfg = Release|x64
		{D317B3B6-57D9-4688-BFCD-AF3815E79250}.Release|x64.Build.0 = Release|x64
		{D317B3B6-57D9-4688-BFCD-AF3815E79250}.Release|x86.ActiveCfg = Release|Win32
		{D317B3B6-57D9-4688-BFCD-AF3815E79250}.Release|x86.Build.0 = Release|Win32
		{1565707B-8694-4C73-B842-464245CAA4E8}.Debug LLVM|x64.ActiveCfg = Debug|x64
		{1565707B-8694-4C73-B842-464245CAA4E8}.Debug LLVM|x64.Build.0 = Debug|x64
		{1565707B-8694-4C73-B842-464245CAA4E8}.Debug LLVM|x86.ActiveCfg = Debug|Win32
		{1565707B-8694-4C73-B842-464245CAA4E8}.Debug LLVM|x86.Build.0 = Debug|Win32
		{1565707B-8694-4C73-B842-464245CAA4E8}.Debug|x64.ActiveCfg = Debug|x64
		{1565707B-8694-4C73-B842-464245CAA4E8}.Debug|x64.Build.0 = Debug|x64
		{1565707B-8694-4C73-B842-464245CAA4E8}.Debug|x86.ActiveCfg = Debug|Win32
		{1565707B-8694-4C73-B842-464245CAA4E8}.Debug|x86.Build.0 = Debug|Win32
		{1565707B-8694-4C73-B842-464245CAA4E8}.Release LLVM|x64.ActiveCfg = Release|x64
		{1565707B-8694-4C73-B842-464245CAA4E8}.Release LLVM|x64.Build.0 = Release|x64
		{1565707B-8694-4C73-B842-464245CAA4E8}.Release LLVM|x86.ActiveCfg = Release|Win32
		{1565707B-8694-4C73-B842-464245CAA4E8}.Release LLVM|x86.Build.0 = Release|Win32
		{1565707B-8694-4C73-B842-464245CAA4E8}.Release|x64.ActiveCfg = Release|x64
		{1565707B-8694-4C73-B842-464245CAA4E8}.Release|x64.Build.0 = Release|x64
		{1565707B-8694-4C73-B842-464245CAA4E8}.Release|x86.ActiveCfg = Release|Win32
		{1565707B-8694-4C73-B842-464245CAA4E8}.Release|x86.Build.0 = Release|Win32
	EndGlobalSection
	GlobalSection(SolutionProperties) = preSolution
		HideSolutionNode = FALSE
	EndGlobalSection
	GlobalSection(NestedProjects) = preSolution
		{0AB8472B-5DC1-4E10-A0F5-4429418E4EC3} = {02EA681E-C7D8-13C7-8484-4AC65E1B71E8}
		{5DBEA233-80C1-4264-9616-1AF864C98C4A} = {02EA681E-C7D8-13C7-8484-4AC65E1B71E8}
		{81AD5D8E-C05F-47CC-8E82-F728B4A71903} = {02EA681E-C7D8-13C7-8484-4AC65E1B71E8}
	EndGlobalSection
	GlobalSection(ExtensibilityGlobals) = postSolution
		SolutionGuid = {43DAFE10-07D2-40B0-B65B-59A133ED7FA2}
	EndGlobalSection
EndGlobal
