<?xml version="1.0" encoding="utf-8"?>
<Project ToolsVersion="4.0" xmlns="http://schemas.microsoft.com/developer/msbuild/2003">
  <ItemGroup>
    <Filter Include="resources">
      <UniqueIdentifier>{ebeca19c-43aa-4148-8f49-434853633813}</UniqueIdentifier>
    </Filter>
    <Filter Include="wx_library">
      <UniqueIdentifier>{9b98fd3b-99c6-4c47-bb1a-58a327d4fa08}</UniqueIdentifier>
    </Filter>
    <Filter Include="wx_library\module">
      <UniqueIdentifier>{63945bb7-6a5e-480f-933a-f6f34b11c3ad}</UniqueIdentifier>
    </Filter>
    <Filter Include="wx_library\prv_inc">
      <UniqueIdentifier>{b6f1db41-f65d-4d95-ab09-f409316bb6b0}</UniqueIdentifier>
    </Filter>
    <Filter Include="wx_library\pub_inc">
      <UniqueIdentifier>{d0c3c867-f400-42d2-839f-8679fb5f16e6}</UniqueIdentifier>
    </Filter>
  </ItemGroup>
  <ItemGroup>
    <ClCompile Include="..\wx_library\wx.console.cppm">
      <Filter>wx_library\module</Filter>
    </ClCompile>
    <ClCompile Include="..\wx_library\wx.control.cppm">
      <Filter>wx_library\module</Filter>
    </ClCompile>
    <ClCompile Include="..\wx_library\wx.cppm">
      <Filter>wx_library\module</Filter>
    </ClCompile>
    <ClCompile Include="..\wx_library\wx.dialog.cppm">
      <Filter>wx_library\module</Filter>
    </ClCompile>
    <ClCompile Include="..\wx_library\wx.file.cppm">
      <Filter>wx_library\module</Filter>
    </ClCompile>
    <ClCompile Include="..\wx_library\wx.gdi.cppm">
      <Filter>wx_library\module</Filter>
    </ClCompile>
    <ClCompile Include="..\wx_library\wx.proto.cppm">
      <Filter>wx_library\module</Filter>
    </ClCompile>
    <ClCompile Include="..\wx_library\wx.realtime.cppm">
      <Filter>wx_library\module</Filter>
    </ClCompile>
    <ClCompile Include="..\wx_library\wx.resource.cppm">
      <Filter>wx_library\module</Filter>
    </ClCompile>
    <ClCompile Include="..\wx_library\wx.security.cppm">
      <Filter>wx_library\module</Filter>
    </ClCompile>
    <ClCompile Include="..\wx_library\wx.type.cppm">
      <Filter>wx_library\module</Filter>
    </ClCompile>
    <ClCompile Include="..\wx_library\wx.window.cppm">
      <Filter>wx_library\module</Filter>
    </ClCompile>
    <ClCompile Include="..\SimDisp.cpp" />
  </ItemGroup>
  <ItemGroup>
    <ClInclude Include="..\wx_library\wx_defs.h">
      <Filter>wx_library\prv_inc</Filter>
    </ClInclude>
    <ClInclude Include="..\SimDisp.h" />
    <ClInclude Include="..\resources\resource.h">
      <Filter>resources</Filter>
    </ClInclude>
  </ItemGroup>
  <ItemGroup>
    <None Include="..\wx_library\wx__msg.inl">
      <Filter>wx_library\prv_inc</Filter>
    </None>
    <None Include="..\wx_library\wx__msg_ctl.inl">
      <Filter>wx_library\prv_inc</Filter>
    </None>
    <None Include="..\wx_library\wx__rm.inl">
      <Filter>wx_library\prv_inc</Filter>
    </None>
    <None Include="..\wx_library\wx_console">
      <Filter>wx_library\pub_inc</Filter>
    </None>
    <None Include="..\wx_library\wx_control">
      <Filter>wx_library\pub_inc</Filter>
    </None>
    <None Include="..\wx_library\wx_dialog">
      <Filter>wx_library\pub_inc</Filter>
    </None>
    <None Include="..\wx_library\wx_dll">
      <Filter>wx_library\pub_inc</Filter>
    </None>
    <None Include="..\wx_library\wx_file">
      <Filter>wx_library\pub_inc</Filter>
    </None>
    <None Include="..\wx_library\wx_gdi">
      <Filter>wx_library\pub_inc</Filter>
    </None>
    <None Include="..\wx_library\wx_main">
      <Filter>wx_library\pub_inc</Filter>
    </None>
    <None Include="..\wx_library\wx_realtime">
      <Filter>wx_library\pub_inc</Filter>
    </None>
    <None Include="..\wx_library\wx_resource">
      <Filter>wx_library\pub_inc</Filter>
    </None>
    <None Include="..\wx_library\wx_type">
      <Filter>wx_library\pub_inc</Filter>
    </None>
    <None Include="..\wx_library\wx_window">
      <Filter>wx_library\pub_inc</Filter>
    </None>
    <None Include="..\SimDisp.inl" />
    <None Include="..\wx_library\wx_security">
      <Filter>wx_library\pub_inc</Filter>
    </None>
  </ItemGroup>
  <ItemGroup>
    <ResourceCompile Include="..\resources\SimDisp.rc">
      <Filter>resources</Filter>
    </ResourceCompile>
  </ItemGroup>
</Project>