<?xml version="1.0" encoding="utf-8"?>
<Project ToolsVersion="4.0" xmlns="http://schemas.microsoft.com/developer/msbuild/2003">
  <ItemGroup>
    <ClInclude Include="..\resource.h" />
    <ClInclude Include="..\SimDisp.h" />
  </ItemGroup>
  <ItemGroup>
    <ResourceCompile Include="..\SimDisp.rc" />
  </ItemGroup>
  <ItemGroup>
    <None Include="..\SimDisp.inl" />
  </ItemGroup>
  <ItemGroup>
    <Image Include="..\SimDisp.ico" />
  </ItemGroup>
  <ItemGroup>
    <ClCompile Include="..\SimDisp.cpp" />
  </ItemGroup>
</Project>